
Microsoft Visual Studio Solution File, Format Version 12.00
# Visual Studio 15
VisualStudioVersion = 15.0.27428.1
MinimumVisualStudioVersion = 10.0.40219.1
Project("{FAE04EC0-301F-11D3-BF4B-00C04F79EFBC}") = "TravelTracker", "TravelTracker\TravelTracker.csproj", "{AD5F0EB7-99BB-47AF-895C-A4148124FA95}"
EndProject
Project("{FAE04EC0-301F-11D3-BF4B-00C04F79EFBC}") = "TravelTracker.Tests", "TravelTracker.Tests\TravelTracker.Tests.csproj", "{94ED8607-BC3D-4E0B-B0CC-A14F0A9E023A}"
EndProject
Global
	GlobalSection(SolutionConfigurationPlatforms) = preSolution
		Debug|Any CPU = Debug|Any CPU
		Release|Any CPU = Release|Any CPU
	EndGlobalSection
	GlobalSection(ProjectConfigurationPlatforms) = postSolution
		{AD5F0EB7-99BB-47AF-895C-A4148124FA95}.Debug|Any CPU.ActiveCfg = Debug|Any CPU
		{AD5F0EB7-99BB-47AF-895C-A4148124FA95}.Debug|Any CPU.Build.0 = Debug|Any CPU
		{AD5F0EB7-99BB-47AF-895C-A4148124FA95}.Release|Any CPU.ActiveCfg = Release|Any CPU
		{AD5F0EB7-99BB-47AF-895C-A4148124FA95}.Release|Any CPU.Build.0 = Release|Any CPU
		{94ED8607-BC3D-4E0B-B0CC-A14F0A9E023A}.Debug|Any CPU.ActiveCfg = Debug|Any CPU
		{94ED8607-BC3D-4E0B-B0CC-A14F0A9E023A}.Debug|Any CPU.Build.0 = Debug|Any CPU
		{94ED8607-BC3D-4E0B-B0CC-A14F0A9E023A}.Release|Any CPU.ActiveCfg = Release|Any CPU
		{94ED8607-BC3D-4E0B-B0CC-A14F0A9E023A}.Release|Any CPU.Build.0 = Release|Any CPU
	EndGlobalSection
	GlobalSection(SolutionProperties) = preSolution
		HideSolutionNode = FALSE
	EndGlobalSection
	GlobalSection(ExtensibilityGlobals) = postSolution
		SolutionGuid = {5E5E3222-AEAA-40BC-B62D-8DB80F890C99}
	EndGlobalSection
EndGlobal
